
Microsoft Visual Studio Solution File, Format Version 12.00
# Visual Studio Version 17
VisualStudioVersion = 17.14.36705.20 d17.14
MinimumVisualStudioVersion = 10.0.40219.1
Project("{FAE04EC0-301F-11D3-BF4B-00C04F79EFBC}") = "example", "example.csproj", "{54F4189D-7979-4509-B7DF-EE5E303E3DCF}"
EndProject
Global
	GlobalSection(SolutionConfigurationPlatforms) = preSolution
		Debug|Any CPU = Debug|Any CPU
		Release|Any CPU = Release|Any CPU
	EndGlobalSection
	GlobalSection(ProjectConfigurationPlatforms) = postSolution
		{54F4189D-7979-4509-B7DF-EE5E303E3DCF}.Debug|Any CPU.ActiveCfg = Debug|Any CPU
		{54F4189D-7979-4509-B7DF-EE5E303E3DCF}.Debug|Any CPU.Build.0 = Debug|Any CPU
		{54F4189D-7979-4509-B7DF-EE5E303E3DCF}.Release|Any CPU.ActiveCfg = Release|Any CPU
		{54F4189D-7979-4509-B7DF-EE5E303E3DCF}.Release|Any CPU.Build.0 = Release|Any CPU
	EndGlobalSection
	GlobalSection(SolutionProperties) = preSolution
		HideSolutionNode = FALSE
	EndGlobalSection
	GlobalSection(ExtensibilityGlobals) = postSolution
		SolutionGuid = {92562494-CC4B-4FD6-81BC-81E2CF7A469B}
	EndGlobalSection
EndGlobal
