
Microsoft Visual Studio Solution File, Format Version 12.00
# Visual Studio Version 17
VisualStudioVersion = 17.14.36518.9 d17.14
MinimumVisualStudioVersion = 10.0.40219.1
Project("{FAE04EC0-301F-11D3-BF4B-00C04F79EFBC}") = "zadanie9", "zadanie9.csproj", "{003E9189-5058-4770-BCE4-C75B409469FE}"
EndProject
Global
	GlobalSection(SolutionConfigurationPlatforms) = preSolution
		Debug|Any CPU = Debug|Any CPU
		Release|Any CPU = Release|Any CPU
	EndGlobalSection
	GlobalSection(ProjectConfigurationPlatforms) = postSolution
		{003E9189-5058-4770-BCE4-C75B409469FE}.Debug|Any CPU.ActiveCfg = Debug|Any CPU
		{003E9189-5058-4770-BCE4-C75B409469FE}.Debug|Any CPU.Build.0 = Debug|Any CPU
		{003E9189-5058-4770-BCE4-C75B409469FE}.Release|Any CPU.ActiveCfg = Release|Any CPU
		{003E9189-5058-4770-BCE4-C75B409469FE}.Release|Any CPU.Build.0 = Release|Any CPU
	EndGlobalSection
	GlobalSection(SolutionProperties) = preSolution
		HideSolutionNode = FALSE
	EndGlobalSection
	GlobalSection(ExtensibilityGlobals) = postSolution
		SolutionGuid = {EB1A3832-0A10-4C8E-86FD-AD1A02E4BD3A}
	EndGlobalSection
EndGlobal
