
Microsoft Visual Studio Solution File, Format Version 12.00
# Visual Studio Version 17
VisualStudioVersion = 17.14.36623.8 d17.14
MinimumVisualStudioVersion = 10.0.40219.1
Project("{FAE04EC0-301F-11D3-BF4B-00C04F79EFBC}") = "TASK 6.1", "TASK 6.1.csproj", "{28E2CC2A-3F0E-4204-AAAC-3B08E20DEF09}"
EndProject
Global
	GlobalSection(SolutionConfigurationPlatforms) = preSolution
		Debug|Any CPU = Debug|Any CPU
		Release|Any CPU = Release|Any CPU
	EndGlobalSection
	GlobalSection(ProjectConfigurationPlatforms) = postSolution
		{28E2CC2A-3F0E-4204-AAAC-3B08E20DEF09}.Debug|Any CPU.ActiveCfg = Debug|Any CPU
		{28E2CC2A-3F0E-4204-AAAC-3B08E20DEF09}.Debug|Any CPU.Build.0 = Debug|Any CPU
		{28E2CC2A-3F0E-4204-AAAC-3B08E20DEF09}.Release|Any CPU.ActiveCfg = Release|Any CPU
		{28E2CC2A-3F0E-4204-AAAC-3B08E20DEF09}.Release|Any CPU.Build.0 = Release|Any CPU
	EndGlobalSection
	GlobalSection(SolutionProperties) = preSolution
		HideSolutionNode = FALSE
	EndGlobalSection
	GlobalSection(ExtensibilityGlobals) = postSolution
		SolutionGuid = {F9A5D827-00DA-4FF9-BEFD-9C8D4ACED4CB}
	EndGlobalSection
EndGlobal
