
Microsoft Visual Studio Solution File, Format Version 12.00
# Visual Studio Version 17
VisualStudioVersion = 17.14.36705.20 d17.14
MinimumVisualStudioVersion = 10.0.40219.1
Project("{FAE04EC0-301F-11D3-BF4B-00C04F79EFBC}") = "task12_2", "task12_2.csproj", "{D2012DEA-F85D-4EA1-8E16-F7060F7A043B}"
EndProject
Global
	GlobalSection(SolutionConfigurationPlatforms) = preSolution
		Debug|Any CPU = Debug|Any CPU
		Release|Any CPU = Release|Any CPU
	EndGlobalSection
	GlobalSection(ProjectConfigurationPlatforms) = postSolution
		{D2012DEA-F85D-4EA1-8E16-F7060F7A043B}.Debug|Any CPU.ActiveCfg = Debug|Any CPU
		{D2012DEA-F85D-4EA1-8E16-F7060F7A043B}.Debug|Any CPU.Build.0 = Debug|Any CPU
		{D2012DEA-F85D-4EA1-8E16-F7060F7A043B}.Release|Any CPU.ActiveCfg = Release|Any CPU
		{D2012DEA-F85D-4EA1-8E16-F7060F7A043B}.Release|Any CPU.Build.0 = Release|Any CPU
	EndGlobalSection
	GlobalSection(SolutionProperties) = preSolution
		HideSolutionNode = FALSE
	EndGlobalSection
	GlobalSection(ExtensibilityGlobals) = postSolution
		SolutionGuid = {1AA49F0D-5257-4664-BA41-4491F46AAAA9}
	EndGlobalSection
EndGlobal
